// !$*UTF8*$!
{
	archiveVersion = 1;
	classes = {
	};
	objectVersion = 56;
	objects = {

/* Begin PBXBuildFile section */
		560AEFD7291E593F00D70FF2 /* Cosmos in Frameworks */ = {isa = PBXBuildFile; productRef = 560AEFD6291E593F00D70FF2 /* Cosmos */; };
		56C8233B291A6A7600F713F0 /* AppDelegate.swift in Sources */ = {isa = PBXBuildFile; fileRef = 56C8233A291A6A7600F713F0 /* AppDelegate.swift */; };
		56C8233D291A6A7600F713F0 /* SceneDelegate.swift in Sources */ = {isa = PBXBuildFile; fileRef = 56C8233C291A6A7600F713F0 /* SceneDelegate.swift */; };
		56C8233F291A6A7600F713F0 /* ViewController.swift in Sources */ = {isa = PBXBuildFile; fileRef = 56C8233E291A6A7600F713F0 /* ViewController.swift */; };
		56C82344291A6A7700F713F0 /* Assets.xcassets in Resources */ = {isa = PBXBuildFile; fileRef = 56C82343291A6A7700F713F0 /* Assets.xcassets */; };
		56C82347291A6A7700F713F0 /* LaunchScreen.storyboard in Resources */ = {isa = PBXBuildFile; fileRef = 56C82345291A6A7700F713F0 /* LaunchScreen.storyboard */; };
		56C8234F291AED8000F713F0 /* Products.swift in Sources */ = {isa = PBXBuildFile; fileRef = 56C8234E291AED8000F713F0 /* Products.swift */; };
		56C82353291AEF9F00F713F0 /* ExtensionPin.swift in Sources */ = {isa = PBXBuildFile; fileRef = 56C82352291AEF9F00F713F0 /* ExtensionPin.swift */; };
		56C82355291AF0CA00F713F0 /* ProductsViewCell.swift in Sources */ = {isa = PBXBuildFile; fileRef = 56C82354291AF0CA00F713F0 /* ProductsViewCell.swift */; };
		56C82357291B029200F713F0 /* ApiCaller.swift in Sources */ = {isa = PBXBuildFile; fileRef = 56C82356291B029200F713F0 /* ApiCaller.swift */; };
		56C8235B291B112500F713F0 /* SDWebImage in Frameworks */ = {isa = PBXBuildFile; productRef = 56C8235A291B112500F713F0 /* SDWebImage */; };
		56C82362291BAE5300F713F0 /* SecondViewController.swift in Sources */ = {isa = PBXBuildFile; fileRef = 56C82361291BAE5300F713F0 /* SecondViewController.swift */; };
/* End PBXBuildFile section */

/* Begin PBXFileReference section */
		56C82337291A6A7600F713F0 /* beeline.app */ = {isa = PBXFileReference; explicitFileType = wrapper.application; includeInIndex = 0; path = beeline.app; sourceTree = BUILT_PRODUCTS_DIR; };
		56C8233A291A6A7600F713F0 /* AppDelegate.swift */ = {isa = PBXFileReference; lastKnownFileType = sourcecode.swift; path = AppDelegate.swift; sourceTree = "<group>"; };
		56C8233C291A6A7600F713F0 /* SceneDelegate.swift */ = {isa = PBXFileReference; lastKnownFileType = sourcecode.swift; path = SceneDelegate.swift; sourceTree = "<group>"; };
		56C8233E291A6A7600F713F0 /* ViewController.swift */ = {isa = PBXFileReference; lastKnownFileType = sourcecode.swift; path = ViewController.swift; sourceTree = "<group>"; };
		56C82343291A6A7700F713F0 /* Assets.xcassets */ = {isa = PBXFileReference; lastKnownFileType = folder.assetcatalog; path = Assets.xcassets; sourceTree = "<group>"; };
		56C82346291A6A7700F713F0 /* Base */ = {isa = PBXFileReference; lastKnownFileType = file.storyboard; name = Base; path = Base.lproj/LaunchScreen.storyboard; sourceTree = "<group>"; };
		56C82348291A6A7700F713F0 /* Info.plist */ = {isa = PBXFileReference; lastKnownFileType = text.plist.xml; path = Info.plist; sourceTree = "<group>"; };
		56C8234E291AED8000F713F0 /* Products.swift */ = {isa = PBXFileReference; lastKnownFileType = sourcecode.swift; path = Products.swift; sourceTree = "<group>"; };
		56C82352291AEF9F00F713F0 /* ExtensionPin.swift */ = {isa = PBXFileReference; lastKnownFileType = sourcecode.swift; path = ExtensionPin.swift; sourceTree = "<group>"; };
		56C82354291AF0CA00F713F0 /* ProductsViewCell.swift */ = {isa = PBXFileReference; lastKnownFileType = sourcecode.swift; path = ProductsViewCell.swift; sourceTree = "<group>"; };
		56C82356291B029200F713F0 /* ApiCaller.swift */ = {isa = PBXFileReference; lastKnownFileType = sourcecode.swift; path = ApiCaller.swift; sourceTree = "<group>"; };
		56C82361291BAE5300F713F0 /* SecondViewController.swift */ = {isa = PBXFileReference; lastKnownFileType = sourcecode.swift; path = SecondViewController.swift; sourceTree = "<group>"; };
/* End PBXFileReference section */

/* Begin PBXFrameworksBuildPhase section */
		56C82334291A6A7600F713F0 /* Frameworks */ = {
			isa = PBXFrameworksBuildPhase;
			buildActionMask = 2147483647;
			files = (
				560AEFD7291E593F00D70FF2 /* Cosmos in Frameworks */,
				56C8235B291B112500F713F0 /* SDWebImage in Frameworks */,
			);
			runOnlyForDeploymentPostprocessing = 0;
		};
/* End PBXFrameworksBuildPhase section */

/* Begin PBXGroup section */
		560AEFD3291E56D000D70FF2 /* Extension */ = {
			isa = PBXGroup;
			children = (
				56C82352291AEF9F00F713F0 /* ExtensionPin.swift */,
			);
			path = Extension;
			sourceTree = "<group>";
		};
		56C8232E291A6A7600F713F0 = {
			isa = PBXGroup;
			children = (
				56C82339291A6A7600F713F0 /* beeline */,
				56C82338291A6A7600F713F0 /* Products */,
			);
			sourceTree = "<group>";
		};
		56C82338291A6A7600F713F0 /* Products */ = {
			isa = PBXGroup;
			children = (
				56C82337291A6A7600F713F0 /* beeline.app */,
			);
			name = Products;
			sourceTree = "<group>";
		};
		56C82339291A6A7600F713F0 /* beeline */ = {
			isa = PBXGroup;
			children = (
				56C8233A291A6A7600F713F0 /* AppDelegate.swift */,
				56C8233C291A6A7600F713F0 /* SceneDelegate.swift */,
				56C82345291A6A7700F713F0 /* LaunchScreen.storyboard */,
				56C82350291AED9B00F713F0 /* Model */,
				56C8235D291B9E9B00F713F0 /* View */,
				56C8235E291B9EAA00F713F0 /* Manager */,
				56C8235C291B9E9100F713F0 /* Controller */,
				56C82343291A6A7700F713F0 /* Assets.xcassets */,
				56C82348291A6A7700F713F0 /* Info.plist */,
			);
			path = beeline;
			sourceTree = "<group>";
		};
		56C82350291AED9B00F713F0 /* Model */ = {
			isa = PBXGroup;
			children = (
				56C8234E291AED8000F713F0 /* Products.swift */,
			);
			path = Model;
			sourceTree = "<group>";
		};
		56C8235C291B9E9100F713F0 /* Controller */ = {
			isa = PBXGroup;
			children = (
				56C8233E291A6A7600F713F0 /* ViewController.swift */,
				56C82361291BAE5300F713F0 /* SecondViewController.swift */,
			);
			path = Controller;
			sourceTree = "<group>";
		};
		56C8235D291B9E9B00F713F0 /* View */ = {
			isa = PBXGroup;
			children = (
				560AEFD3291E56D000D70FF2 /* Extension */,
				56C82354291AF0CA00F713F0 /* ProductsViewCell.swift */,
			);
			path = View;
			sourceTree = "<group>";
		};
		56C8235E291B9EAA00F713F0 /* Manager */ = {
			isa = PBXGroup;
			children = (
				56C82356291B029200F713F0 /* ApiCaller.swift */,
			);
			path = Manager;
			sourceTree = "<group>";
		};
/* End PBXGroup section */

/* Begin PBXNativeTarget section */
		56C82336291A6A7600F713F0 /* beeline */ = {
			isa = PBXNativeTarget;
			buildConfigurationList = 56C8234B291A6A7700F713F0 /* Build configuration list for PBXNativeTarget "beeline" */;
			buildPhases = (
				56C82333291A6A7600F713F0 /* Sources */,
				56C82334291A6A7600F713F0 /* Frameworks */,
				56C82335291A6A7600F713F0 /* Resources */,
			);
			buildRules = (
			);
			dependencies = (
			);
			name = beeline;
			packageProductDependencies = (
				56C8235A291B112500F713F0 /* SDWebImage */,
				560AEFD6291E593F00D70FF2 /* Cosmos */,
			);
			productName = beeline;
			productReference = 56C82337291A6A7600F713F0 /* beeline.app */;
			productType = "com.apple.product-type.application";
		};
/* End PBXNativeTarget section */

/* Begin PBXProject section */
		56C8232F291A6A7600F713F0 /* Project object */ = {
			isa = PBXProject;
			attributes = {
				BuildIndependentTargetsInParallel = 1;
				LastSwiftUpdateCheck = 1410;
				LastUpgradeCheck = 1410;
				TargetAttributes = {
					56C82336291A6A7600F713F0 = {
						CreatedOnToolsVersion = 14.1;
					};
				};
			};
			buildConfigurationList = 56C82332291A6A7600F713F0 /* Build configuration list for PBXProject "beeline" */;
			compatibilityVersion = "Xcode 14.0";
			developmentRegion = en;
			hasScannedForEncodings = 0;
			knownRegions = (
				en,
				Base,
			);
			mainGroup = 56C8232E291A6A7600F713F0;
			packageReferences = (
				56C82359291B112500F713F0 /* XCRemoteSwiftPackageReference "SDWebImage" */,
				560AEFD5291E593F00D70FF2 /* XCRemoteSwiftPackageReference "Cosmos" */,
			);
			productRefGroup = 56C82338291A6A7600F713F0 /* Products */;
			projectDirPath = "";
			projectRoot = "";
			targets = (
				56C82336291A6A7600F713F0 /* beeline */,
			);
		};
/* End PBXProject section */

/* Begin PBXResourcesBuildPhase section */
		56C82335291A6A7600F713F0 /* Resources */ = {
			isa = PBXResourcesBuildPhase;
			buildActionMask = 2147483647;
			files = (
				56C82347291A6A7700F713F0 /* LaunchScreen.storyboard in Resources */,
				56C82344291A6A7700F713F0 /* Assets.xcassets in Resources */,
			);
			runOnlyForDeploymentPostprocessing = 0;
		};
/* End PBXResourcesBuildPhase section */

/* Begin PBXSourcesBuildPhase section */
		56C82333291A6A7600F713F0 /* Sources */ = {
			isa = PBXSourcesBuildPhase;
			buildActionMask = 2147483647;
			files = (
				56C82362291BAE5300F713F0 /* SecondViewController.swift in Sources */,
				56C82355291AF0CA00F713F0 /* ProductsViewCell.swift in Sources */,
				56C8233F291A6A7600F713F0 /* ViewController.swift in Sources */,
				56C82357291B029200F713F0 /* ApiCaller.swift in Sources */,
				56C82353291AEF9F00F713F0 /* ExtensionPin.swift in Sources */,
				56C8234F291AED8000F713F0 /* Products.swift in Sources */,
				56C8233B291A6A7600F713F0 /* AppDelegate.swift in Sources */,
				56C8233D291A6A7600F713F0 /* SceneDelegate.swift in Sources */,
			);
			runOnlyForDeploymentPostprocessing = 0;
		};
/* End PBXSourcesBuildPhase section */

/* Begin PBXVariantGroup section */
		56C82345291A6A7700F713F0 /* LaunchScreen.storyboard */ = {
			isa = PBXVariantGroup;
			children = (
				56C82346291A6A7700F713F0 /* Base */,
			);
			name = LaunchScreen.storyboard;
			sourceTree = "<group>";
		};
/* End PBXVariantGroup section */

/* Begin XCBuildConfiguration section */
		56C82349291A6A7700F713F0 /* Debug */ = {
			isa = XCBuildConfiguration;
			buildSettings = {
				ALWAYS_SEARCH_USER_PATHS = NO;
				CLANG_ANALYZER_NONNULL = YES;
				CLANG_ANALYZER_NUMBER_OBJECT_CONVERSION = YES_AGGRESSIVE;
				CLANG_CXX_LANGUAGE_STANDARD = "gnu++20";
				CLANG_ENABLE_MODULES = YES;
				CLANG_ENABLE_OBJC_ARC = YES;
				CLANG_ENABLE_OBJC_WEAK = YES;
				CLANG_WARN_BLOCK_CAPTURE_AUTORELEASING = YES;
				CLANG_WARN_BOOL_CONVERSION = YES;
				CLANG_WARN_COMMA = YES;
				CLANG_WARN_CONSTANT_CONVERSION = YES;
				CLANG_WARN_DEPRECATED_OBJC_IMPLEMENTATIONS = YES;
				CLANG_WARN_DIRECT_OBJC_ISA_USAGE = YES_ERROR;
				CLANG_WARN_DOCUMENTATION_COMMENTS = YES;
				CLANG_WARN_EMPTY_BODY = YES;
				CLANG_WARN_ENUM_CONVERSION = YES;
				CLANG_WARN_INFINITE_RECURSION = YES;
				CLANG_WARN_INT_CONVERSION = YES;
				CLANG_WARN_NON_LITERAL_NULL_CONVERSION = YES;
				CLANG_WARN_OBJC_IMPLICIT_RETAIN_SELF = YES;
				CLANG_WARN_OBJC_LITERAL_CONVERSION = YES;
				CLANG_WARN_OBJC_ROOT_CLASS = YES_ERROR;
				CLANG_WARN_QUOTED_INCLUDE_IN_FRAMEWORK_HEADER = YES;
				CLANG_WARN_RANGE_LOOP_ANALYSIS = YES;
				CLANG_WARN_STRICT_PROTOTYPES = YES;
				CLANG_WARN_SUSPICIOUS_MOVE = YES;
				CLANG_WARN_UNGUARDED_AVAILABILITY = YES_AGGRESSIVE;
				CLANG_WARN_UNREACHABLE_CODE = YES;
				CLANG_WARN__DUPLICATE_METHOD_MATCH = YES;
				COPY_PHASE_STRIP = NO;
				DEBUG_INFORMATION_FORMAT = dwarf;
				ENABLE_STRICT_OBJC_MSGSEND = YES;
				ENABLE_TESTABILITY = YES;
				GCC_C_LANGUAGE_STANDARD = gnu11;
				GCC_DYNAMIC_NO_PIC = NO;
				GCC_NO_COMMON_BLOCKS = YES;
				GCC_OPTIMIZATION_LEVEL = 0;
				GCC_PREPROCESSOR_DEFINITIONS = (
					"DEBUG=1",
					"$(inherited)",
				);
				GCC_WARN_64_TO_32_BIT_CONVERSION = YES;
				GCC_WARN_ABOUT_RETURN_TYPE = YES_ERROR;
				GCC_WARN_UNDECLARED_SELECTOR = YES;
				GCC_WARN_UNINITIALIZED_AUTOS = YES_AGGRESSIVE;
				GCC_WARN_UNUSED_FUNCTION = YES;
				GCC_WARN_UNUSED_VARIABLE = YES;
				IPHONEOS_DEPLOYMENT_TARGET = 16.1;
				MTL_ENABLE_DEBUG_INFO = INCLUDE_SOURCE;
				MTL_FAST_MATH = YES;
				ONLY_ACTIVE_ARCH = YES;
				SDKROOT = iphoneos;
				SWIFT_ACTIVE_COMPILATION_CONDITIONS = DEBUG;
				SWIFT_OPTIMIZATION_LEVEL = "-Onone";
			};
			name = Debug;
		};
		56C8234A291A6A7700F713F0 /* Release */ = {
			isa = XCBuildConfiguration;
			buildSettings = {
				ALWAYS_SEARCH_USER_PATHS = NO;
				CLANG_ANALYZER_NONNULL = YES;
				CLANG_ANALYZER_NUMBER_OBJECT_CONVERSION = YES_AGGRESSIVE;
				CLANG_CXX_LANGUAGE_STANDARD = "gnu++20";
				CLANG_ENABLE_MODULES = YES;
				CLANG_ENABLE_OBJC_ARC = YES;
				CLANG_ENABLE_OBJC_WEAK = YES;
				CLANG_WARN_BLOCK_CAPTURE_AUTORELEASING = YES;
				CLANG_WARN_BOOL_CONVERSION = YES;
				CLANG_WARN_COMMA = YES;
				CLANG_WARN_CONSTANT_CONVERSION = YES;
				CLANG_WARN_DEPRECATED_OBJC_IMPLEMENTATIONS = YES;
				CLANG_WARN_DIRECT_OBJC_ISA_USAGE = YES_ERROR;
				CLANG_WARN_DOCUMENTATION_COMMENTS = YES;
				CLANG_WARN_EMPTY_BODY = YES;
				CLANG_WARN_ENUM_CONVERSION = YES;
				CLANG_WARN_INFINITE_RECURSION = YES;
				CLANG_WARN_INT_CONVERSION = YES;
				CLANG_WARN_NON_LITERAL_NULL_CONVERSION = YES;
				CLANG_WARN_OBJC_IMPLICIT_RETAIN_SELF = YES;
				CLANG_WARN_OBJC_LITERAL_CONVERSION = YES;
				CLANG_WARN_OBJC_ROOT_CLASS = YES_ERROR;
				CLANG_WARN_QUOTED_INCLUDE_IN_FRAMEWORK_HEADER = YES;
				CLANG_WARN_RANGE_LOOP_ANALYSIS = YES;
				CLANG_WARN_STRICT_PROTOTYPES = YES;
				CLANG_WARN_SUSPICIOUS_MOVE = YES;
				CLANG_WARN_UNGUARDED_AVAILABILITY = YES_AGGRESSIVE;
				CLANG_WARN_UNREACHABLE_CODE = YES;
				CLANG_WARN__DUPLICATE_METHOD_MATCH = YES;
				COPY_PHASE_STRIP = NO;
				DEBUG_INFORMATION_FORMAT = "dwarf-with-dsym";
				ENABLE_NS_ASSERTIONS = NO;
				ENABLE_STRICT_OBJC_MSGSEND = YES;
				GCC_C_LANGUAGE_STANDARD = gnu11;
				GCC_NO_COMMON_BLOCKS = YES;
				GCC_WARN_64_TO_32_BIT_CONVERSION = YES;
				GCC_WARN_ABOUT_RETURN_TYPE = YES_ERROR;
				GCC_WARN_UNDECLARED_SELECTOR = YES;
				GCC_WARN_UNINITIALIZED_AUTOS = YES_AGGRESSIVE;
				GCC_WARN_UNUSED_FUNCTION = YES;
				GCC_WARN_UNUSED_VARIABLE = YES;
				IPHONEOS_DEPLOYMENT_TARGET = 16.1;
				MTL_ENABLE_DEBUG_INFO = NO;
				MTL_FAST_MATH = YES;
				SDKROOT = iphoneos;
				SWIFT_COMPILATION_MODE = wholemodule;
				SWIFT_OPTIMIZATION_LEVEL = "-O";
				VALIDATE_PRODUCT = YES;
			};
			name = Release;
		};
		56C8234C291A6A7700F713F0 /* Debug */ = {
			isa = XCBuildConfiguration;
			buildSettings = {
				ASSETCATALOG_COMPILER_APPICON_NAME = AppIcon;
				ASSETCATALOG_COMPILER_GLOBAL_ACCENT_COLOR_NAME = AccentColor;
				CODE_SIGN_STYLE = Automatic;
				CURRENT_PROJECT_VERSION = 1;
				DEVELOPMENT_TEAM = RNMX67996D;
				GENERATE_INFOPLIST_FILE = YES;
				INFOPLIST_FILE = beeline/Info.plist;
				INFOPLIST_KEY_UIApplicationSupportsIndirectInputEvents = YES;
				INFOPLIST_KEY_UILaunchStoryboardName = LaunchScreen;
				INFOPLIST_KEY_UISupportedInterfaceOrientations_iPad = "UIInterfaceOrientationPortrait UIInterfaceOrientationPortraitUpsideDown UIInterfaceOrientationLandscapeLeft UIInterfaceOrientationLandscapeRight";
				INFOPLIST_KEY_UISupportedInterfaceOrientations_iPhone = "UIInterfaceOrientationPortrait UIInterfaceOrientationLandscapeLeft UIInterfaceOrientationLandscapeRight";
				LD_RUNPATH_SEARCH_PATHS = (
					"$(inherited)",
					"@executable_path/Frameworks",
				);
				MARKETING_VERSION = 1.0;
				PRODUCT_BUNDLE_IDENTIFIER = com.asf.beeline;
				PRODUCT_NAME = "$(TARGET_NAME)";
				SWIFT_EMIT_LOC_STRINGS = YES;
				SWIFT_VERSION = 5.0;
				TARGETED_DEVICE_FAMILY = "1,2";
			};
			name = Debug;
		};
		56C8234D291A6A7700F713F0 /* Release */ = {
			isa = XCBuildConfiguration;
			buildSettings = {
				ASSETCATALOG_COMPILER_APPICON_NAME = AppIcon;
				ASSETCATALOG_COMPILER_GLOBAL_ACCENT_COLOR_NAME = AccentColor;
				CODE_SIGN_STYLE = Automatic;
				CURRENT_PROJECT_VERSION = 1;
				DEVELOPMENT_TEAM = RNMX67996D;
				GENERATE_INFOPLIST_FILE = YES;
				INFOPLIST_FILE = beeline/Info.plist;
				INFOPLIST_KEY_UIApplicationSupportsIndirectInputEvents = YES;
				INFOPLIST_KEY_UILaunchStoryboardName = LaunchScreen;
				INFOPLIST_KEY_UISupportedInterfaceOrientations_iPad = "UIInterfaceOrientationPortrait UIInterfaceOrientationPortraitUpsideDown UIInterfaceOrientationLandscapeLeft UIInterfaceOrientationLandscapeRight";
				INFOPLIST_KEY_UISupportedInterfaceOrientations_iPhone = "UIInterfaceOrientationPortrait UIInterfaceOrientationLandscapeLeft UIInterfaceOrientationLandscapeRight";
				LD_RUNPATH_SEARCH_PATHS = (
					"$(inherited)",
					"@executable_path/Frameworks",
				);
				MARKETING_VERSION = 1.0;
				PRODUCT_BUNDLE_IDENTIFIER = com.asf.beeline;
				PRODUCT_NAME = "$(TARGET_NAME)";
				SWIFT_EMIT_LOC_STRINGS = YES;
				SWIFT_VERSION = 5.0;
				TARGETED_DEVICE_FAMILY = "1,2";
			};
			name = Release;
		};
/* End XCBuildConfiguration section */

/* Begin XCConfigurationList section */
		56C82332291A6A7600F713F0 /* Build configuration list for PBXProject "beeline" */ = {
			isa = XCConfigurationList;
			buildConfigurations = (
				56C82349291A6A7700F713F0 /* Debug */,
				56C8234A291A6A7700F713F0 /* Release */,
			);
			defaultConfigurationIsVisible = 0;
			defaultConfigurationName = Release;
		};
		56C8234B291A6A7700F713F0 /* Build configuration list for PBXNativeTarget "beeline" */ = {
			isa = XCConfigurationList;
			buildConfigurations = (
				56C8234C291A6A7700F713F0 /* Debug */,
				56C8234D291A6A7700F713F0 /* Release */,
			);
			defaultConfigurationIsVisible = 0;
			defaultConfigurationName = Release;
		};
/* End XCConfigurationList section */

/* Begin XCRemoteSwiftPackageReference section */
		560AEFD5291E593F00D70FF2 /* XCRemoteSwiftPackageReference "Cosmos" */ = {
			isa = XCRemoteSwiftPackageReference;
			repositoryURL = "https://github.com/evgenyneu/Cosmos";
			requirement = {
				branch = master;
				kind = branch;
			};
		};
		56C82359291B112500F713F0 /* XCRemoteSwiftPackageReference "SDWebImage" */ = {
			isa = XCRemoteSwiftPackageReference;
			repositoryURL = "https://github.com/SDWebImage/SDWebImage.git";
			requirement = {
				branch = master;
				kind = branch;
			};
		};
/* End XCRemoteSwiftPackageReference section */

/* Begin XCSwiftPackageProductDependency section */
		560AEFD6291E593F00D70FF2 /* Cosmos */ = {
			isa = XCSwiftPackageProductDependency;
			package = 560AEFD5291E593F00D70FF2 /* XCRemoteSwiftPackageReference "Cosmos" */;
			productName = Cosmos;
		};
		56C8235A291B112500F713F0 /* SDWebImage */ = {
			isa = XCSwiftPackageProductDependency;
			package = 56C82359291B112500F713F0 /* XCRemoteSwiftPackageReference "SDWebImage" */;
			productName = SDWebImage;
		};
/* End XCSwiftPackageProductDependency section */
	};
	rootObject = 56C8232F291A6A7600F713F0 /* Project object */;
}
